github.com/NYTimes/gziphandler v1.1.1 h1:ZUDjpQae29j0ryrS0u/B8HZfJBtBQHjqw2rQ2cqUQ3I=
github.com/NYTimes/gziphandler v1.1.1/go.mod h1:n/CVRwUEOgIxrgPvAQhUUr9oeUtvrhMomdKFjzJNB0c=
github.com/akornatskyy/goext v1.4.1 h1:HZm/NMpJ29o5pCfFbBFQEctfKZE8c4JRoYcZPprDYxg=
github.com/akornatskyy/goext v1.4.1/go.mod h1:98KhWLkhtFzKYiRoZbOvkL2E89K2EfxSTZl5eh/ZjoY=
github.com/akornatskyy/goext v1.4.3 h1:07UW24QUZjCuh+N0/+r6uuR+BTN/wMEECuuMVVmEmCo=
github.com/akornatskyy/goext v1.4.3/go.mod h1:+6ye9Suu0NncxdTeIAPCpURo0o/bcRAh/PazKfHRU0o=
github.com/akornatskyy/goext v1.4.4 h1:W8xe/ibGB3zIZDnLF2QOZIuGFIxN60w2WJlnSoxSzvU=
github.com/akornatskyy/goext v1.4.4/go.mod h1:ciaK9EtoTj6gXELhvEgaUpKRps+sz8e85zlIMwWfr3s=
github.com/davecgh/go-spew v1.1.0 h1:ZDRjVQ15GmhC3fiQ8ni8+OwkZQO4DARzQgrnXU1Liz8=
github.com/davecgh/go-spew v1.1.0/go.mod h1:J7Y8YcW2NihsgmVo/mv3lAwl/skON4iLHjSsI+c5H38=
github.com/google/uuid v1.1.2 h1:EVhdT+1Kseyi1/pUmXKaFxYsDNy9RQYkMWRH68J/W7Y=
github.com/google/uuid v1.1.2/go.mod h1:TIyPZe4MgqvfeYDBFedMoGGpEw/LqOeaOT+nhxU+yHo=
github.com/google/uuid v1.1.4 h1:0ecGp3skIrHWPNGPJDaBIghfA6Sp7Ruo2Io8eLKzWm0=
github.com/google/uuid v1.1.4/go.mod h1:TIyPZe4MgqvfeYDBFedMoGGpEw/LqOeaOT+nhxU+yHo=
github.com/google/uuid v1.2.0 h1:qJYtXnJRWmpe7m/3XlyhrsLrEURqHRM2kxzoxXqyUDs=
github.com/google/uuid v1.2.0/go.mod h1:TIyPZe4MgqvfeYDBFedMoGGpEw/LqOeaOT+nhxU+yHo=
github.com/google/uuid v1.3.0 h1:t6JiXgmwXMjEs8VusXIJk2BXHsn+wx8BZdTaoZ5fu7I=
github.com/google/uuid v1.3.0/go.mod h1:TIyPZe4MgqvfeYDBFedMoGGpEw/LqOeaOT+nhxU+yHo=
github.com/julienschmidt/httprouter v1.3.0 h1:U0609e9tgbseu3rBINet9P48AI/D3oJs4dN7jwJOQ1U=
github.com/julienschmidt/httprouter v1.3.0/go.mod h1:JR6WtHb+2LUe8TCKY3cZOxFyyO8IZAc4RVcycCCAKdM=
github.com/lib/pq v1.8.0 h1:9xohqzkUwzR4Ga4ivdTcawVS89YSDVxXMa3xJX3cGzg=
github.com/lib/pq v1.8.0/go.mod h1:AlVN5x4E4T544tWzH6hKfbfQvm3HdbOxrmggDNAPY9o=
github.com/lib/pq v1.9.0 h1:L8nSXQQzAYByakOFMTwpjRoHsMJklur4Gi59b6VivR8=
github.com/lib/pq v1.9.0/go.mod h1:AlVN5x4E4T544tWzH6hKfbfQvm3HdbOxrmggDNAPY9o=
github.com/lib/pq v1.10.0 h1:Zx5DJFEYQXio93kgXnQ09fXNiUKsqv4OUEu2UtGcB1E=
github.com/lib/pq v1.10.0/go.mod h1:AlVN5x4E4T544tWzH6hKfbfQvm3HdbOxrmggDNAPY9o=
github.com/lib/pq v1.10.1 h1:6VXZrLU0jHBYyAqrSPa+MgPfnSvTPuMgK+k0o5kVFWo=
github.com/lib/pq v1.10.1/go.mod h1:AlVN5x4E4T544tWzH6hKfbfQvm3HdbOxrmggDNAPY9o=
github.com/lib/pq v1.10.2 h1:AqzbZs4ZoCBp+GtejcpCpcxM3zlSMx29dXbUSeVtJb8=
github.com/lib/pq v1.10.2/go.mod h1:AlVN5x4E4T544tWzH6hKfbfQvm3HdbOxrmggDNAPY9o=
github.com/pmezard/go-difflib v1.0.0 h1:4DBwDE0NGyQoBHbLQYPwSUPoCMWR5BEzIk/f1lZbAQM=
github.com/pmezard/go-difflib v1.0.0/go.mod h1:iKH77koFhYxTK1pcRnkKkqfTogsbg7gZNVY4sRDYZ/4=
github.com/robfig/cron/v3 v3.0.1 h1:WdRxkvbJztn8LMz/QEvLN5sBU+xKpSqwwUO1Pjr4qDs=
github.com/robfig/cron/v3 v3.0.1/go.mod h1:eQICP3HwyT7UooqI/z+Ov+PtYAWygg1TEWWzGIFLtro=
github.com/stretchr/objx v0.1.0 h1:4G4v2dO3VZwixGIRoQ5Lfboy6nUhCyYzaqnIAPPhYs4=
github.com/stretchr/objx v0.1.0/go.mod h1:HFkY916IF+rwdDfMAkV7OtwuqBVzrE8GR6GFx+wExME=
github.com/stretchr/testify v1.3.0 h1:TivCn/peBQ7UY8ooIcPgZFpTNSz0Q2U6UrFlUfqbe0Q=
github.com/stretchr/testify v1.3.0/go.mod h1:M5WIy9Dh21IEIfnGCwXGc5bZfKNJtfHm1UVUgZn+9EI=
github.com/stretchr/testify v1.6.1 h1:hDPOHmpOpP40lSULcqw7IrRb/u7w6RpDC9399XyoNd0=
github.com/stretchr/testify v1.6.1/go.mod h1:6Fq8oRcR53rry900zMqJjRRixrwX3KX962/h/Wwjteg=
gopkg.in/check.v1 v0.0.0-20161208181325-20d25e280405 h1:yhCVgyC4o1eVCa2tZl7eS0r+SDo693bJlVdllGtEeKM=
gopkg.in/check.v1 v0.0.0-20161208181325-20d25e280405/go.mod h1:Co6ibVJAznAaIkqp8huTwlJQCZ016jof/cbN4VW5Yz0=
gopkg.in/yaml.v3 v3.0.0-20200313102051-9f266ea9e77c h1:dUUwHk2QECo/6vqA44rthZ8ie2QXMNeKRTHCNY2nXvo=
gopkg.in/yaml.v3 v3.0.0-20200313102051-9f266ea9e77c/go.mod h1:K4uyk7z7BCEPqu6E+C64Yfv1cQ7kz7rIZviUmN+EgEM=
